{
  "name": "my-h3",
  "version": "1.0.0",
  "lockfileVersion": 1,
  "requires": true,
  "dependencies": {
    "h3-js": {
      "version": "3.7.0",
      "resolved": "https://registry.npmjs.org/h3-js/-/h3-js-3.7.0.tgz",
      "integrity": "sha512-EcH/qGU4khZsAEG39Uu8MvaCing0JFcuoe3K4Xmg5MofDIu1cNJl7z2AQS8ggvXGxboiLJqsGirhEqFKdd2gAA=="
    }
  }
}
